
Microsoft Visual Studio Solution File, Format Version 12.00
# Visual Studio Version 17
VisualStudioVersion = 17.7.34202.233
MinimumVisualStudioVersion = 10.0.40219.1
Project("{9A19103F-16F7-4668-BE54-9A1E7A4F7556}") = "Tibber.TechnicalCase", "Tibber.TechnicalCase\Tibber.TechnicalCase.csproj", "{CA0522F5-0C7F-4FA7-A2C9-CE1C50D92711}"
EndProject
Project("{9A19103F-16F7-4668-BE54-9A1E7A4F7556}") = "Tibber.TechnicalCase.Domain", "Tibber.TechnicalCase.Domain\Tibber.TechnicalCase.Domain.csproj", "{8EB385E8-6D86-40BE-9321-473A7A739F86}"
EndProject
Project("{9A19103F-16F7-4668-BE54-9A1E7A4F7556}") = "Tibber.TechnicalCase.Application", "Tibber.TechnicalCase.Application\Tibber.TechnicalCase.Application.csproj", "{3059965E-2EE4-4874-9B6B-71B78C91E9C0}"
EndProject
Project("{9A19103F-16F7-4668-BE54-9A1E7A4F7556}") = "Tibber.TechnicalCase.Infrastructure", "Tibber.TechnicalCase.Infrastructure\Tibber.TechnicalCase.Infrastructure.csproj", "{7545FF5C-EE9D-44EC-BF93-ECC8E29E4FB6}"
EndProject
Project("{FAE04EC0-301F-11D3-BF4B-00C04F79EFBC}") = "Tibber.TechnicalCase.Tests", "Tibber.TechnicalCase.Tests\Tibber.TechnicalCase.Tests.csproj", "{040824AF-38C4-4ECC-92C3-4F655EB21AEF}"
EndProject
Project("{E53339B2-1760-4266-BCC7-CA923CBCF16C}") = "docker-compose", "docker-compose.dcproj", "{58141B42-033F-4512-8382-0717611DBDD3}"
EndProject
Global
	GlobalSection(SolutionConfigurationPlatforms) = preSolution
		Debug|Any CPU = Debug|Any CPU
		Release|Any CPU = Release|Any CPU
	EndGlobalSection
	GlobalSection(ProjectConfigurationPlatforms) = postSolution
		{CA0522F5-0C7F-4FA7-A2C9-CE1C50D92711}.Debug|Any CPU.ActiveCfg = Debug|Any CPU
		{CA0522F5-0C7F-4FA7-A2C9-CE1C50D92711}.Debug|Any CPU.Build.0 = Debug|Any CPU
		{CA0522F5-0C7F-4FA7-A2C9-CE1C50D92711}.Release|Any CPU.ActiveCfg = Release|Any CPU
		{CA0522F5-0C7F-4FA7-A2C9-CE1C50D92711}.Release|Any CPU.Build.0 = Release|Any CPU
		{8EB385E8-6D86-40BE-9321-473A7A739F86}.Debug|Any CPU.ActiveCfg = Debug|Any CPU
		{8EB385E8-6D86-40BE-9321-473A7A739F86}.Debug|Any CPU.Build.0 = Debug|Any CPU
		{8EB385E8-6D86-40BE-9321-473A7A739F86}.Release|Any CPU.ActiveCfg = Release|Any CPU
		{8EB385E8-6D86-40BE-9321-473A7A739F86}.Release|Any CPU.Build.0 = Release|Any CPU
		{3059965E-2EE4-4874-9B6B-71B78C91E9C0}.Debug|Any CPU.ActiveCfg = Debug|Any CPU
		{3059965E-2EE4-4874-9B6B-71B78C91E9C0}.Debug|Any CPU.Build.0 = Debug|Any CPU
		{3059965E-2EE4-4874-9B6B-71B78C91E9C0}.Release|Any CPU.ActiveCfg = Release|Any CPU
		{3059965E-2EE4-4874-9B6B-71B78C91E9C0}.Release|Any CPU.Build.0 = Release|Any CPU
		{7545FF5C-EE9D-44EC-BF93-ECC8E29E4FB6}.Debug|Any CPU.ActiveCfg = Debug|Any CPU
		{7545FF5C-EE9D-44EC-BF93-ECC8E29E4FB6}.Debug|Any CPU.Build.0 = Debug|Any CPU
		{7545FF5C-EE9D-44EC-BF93-ECC8E29E4FB6}.Release|Any CPU.ActiveCfg = Release|Any CPU
		{7545FF5C-EE9D-44EC-BF93-ECC8E29E4FB6}.Release|Any CPU.Build.0 = Release|Any CPU
		{040824AF-38C4-4ECC-92C3-4F655EB21AEF}.Debug|Any CPU.ActiveCfg = Debug|Any CPU
		{040824AF-38C4-4ECC-92C3-4F655EB21AEF}.Debug|Any CPU.Build.0 = Debug|Any CPU
		{040824AF-38C4-4ECC-92C3-4F655EB21AEF}.Release|Any CPU.ActiveCfg = Release|Any CPU
		{040824AF-38C4-4ECC-92C3-4F655EB21AEF}.Release|Any CPU.Build.0 = Release|Any CPU
		{58141B42-033F-4512-8382-0717611DBDD3}.Debug|Any CPU.ActiveCfg = Debug|Any CPU
		{58141B42-033F-4512-8382-0717611DBDD3}.Debug|Any CPU.Build.0 = Debug|Any CPU
		{58141B42-033F-4512-8382-0717611DBDD3}.Release|Any CPU.ActiveCfg = Release|Any CPU
		{58141B42-033F-4512-8382-0717611DBDD3}.Release|Any CPU.Build.0 = Release|Any CPU
	EndGlobalSection
	GlobalSection(SolutionProperties) = preSolution
		HideSolutionNode = FALSE
	EndGlobalSection
	GlobalSection(ExtensibilityGlobals) = postSolution
		SolutionGuid = {7E3C7D16-F3AC-4093-8F7C-927D197090A6}
	EndGlobalSection
EndGlobal
